
Microsoft Visual Studio Solution File, Format Version 12.00
# Visual Studio Version 17
VisualStudioVersion = 17.4.33213.308
MinimumVisualStudioVersion = 10.0.40219.1
Project("{FAE04EC0-301F-11D3-BF4B-00C04F79EFBC}") = "Password", "Password\Password.csproj", "{539DEFEF-A754-4406-AB0C-91A21F1F7835}"
EndProject
Project("{FAE04EC0-301F-11D3-BF4B-00C04F79EFBC}") = "PasswordTests", "PasswordTests\PasswordTests.csproj", "{5957B574-8542-419F-A7A4-08252505B959}"
EndProject
Global
	GlobalSection(SolutionConfigurationPlatforms) = preSolution
		Debug|Any CPU = Debug|Any CPU
		Release|Any CPU = Release|Any CPU
	EndGlobalSection
	GlobalSection(ProjectConfigurationPlatforms) = postSolution
		{539DEFEF-A754-4406-AB0C-91A21F1F7835}.Debug|Any CPU.ActiveCfg = Debug|Any CPU
		{539DEFEF-A754-4406-AB0C-91A21F1F7835}.Debug|Any CPU.Build.0 = Debug|Any CPU
		{539DEFEF-A754-4406-AB0C-91A21F1F7835}.Release|Any CPU.ActiveCfg = Release|Any CPU
		{539DEFEF-A754-4406-AB0C-91A21F1F7835}.Release|Any CPU.Build.0 = Release|Any CPU
		{5957B574-8542-419F-A7A4-08252505B959}.Debug|Any CPU.ActiveCfg = Debug|Any CPU
		{5957B574-8542-419F-A7A4-08252505B959}.Debug|Any CPU.Build.0 = Debug|Any CPU
		{5957B574-8542-419F-A7A4-08252505B959}.Release|Any CPU.ActiveCfg = Release|Any CPU
		{5957B574-8542-419F-A7A4-08252505B959}.Release|Any CPU.Build.0 = Release|Any CPU
	EndGlobalSection
	GlobalSection(SolutionProperties) = preSolution
		HideSolutionNode = FALSE
	EndGlobalSection
	GlobalSection(ExtensibilityGlobals) = postSolution
		SolutionGuid = {37EA07A3-7521-40BE-8A65-4B6384D2642E}
	EndGlobalSection
EndGlobal
